
Microsoft Visual Studio Solution File, Format Version 12.00
# Visual Studio Version 17
VisualStudioVersion = 17.13.35931.197
MinimumVisualStudioVersion = 10.0.40219.1
Project("{FAE04EC0-301F-11D3-BF4B-00C04F79EFBC}") = "CoreMap", "CoreMap.csproj", "{8BC914B8-CAE4-4209-A1D7-17496A11AE4E}"
EndProject
Project("{2150E333-8FDC-42A3-9474-1A3956D46DE8}") = "Solution Items", "Solution Items", "{8EC462FD-D22E-90A8-E5CE-7E832BA40C5D}"
	ProjectSection(SolutionItems) = preProject
		..\..\README.md = ..\..\README.md
		..\..\RELEASES.md = ..\..\RELEASES.md
	EndProjectSection
EndProject
Project("{FAE04EC0-301F-11D3-BF4B-00C04F79EFBC}") = "CoreMap.Tests", "..\CoreMap.Tests\CoreMap.Tests.csproj", "{F70FE676-E2B3-4914-8D27-2FC65647469D}"
EndProject
Global
	GlobalSection(SolutionConfigurationPlatforms) = preSolution
		Debug|Any CPU = Debug|Any CPU
		Release|Any CPU = Release|Any CPU
	EndGlobalSection
	GlobalSection(ProjectConfigurationPlatforms) = postSolution
		{8BC914B8-CAE4-4209-A1D7-17496A11AE4E}.Debug|Any CPU.ActiveCfg = Debug|Any CPU
		{8BC914B8-CAE4-4209-A1D7-17496A11AE4E}.Debug|Any CPU.Build.0 = Debug|Any CPU
		{8BC914B8-CAE4-4209-A1D7-17496A11AE4E}.Release|Any CPU.ActiveCfg = Release|Any CPU
		{8BC914B8-CAE4-4209-A1D7-17496A11AE4E}.Release|Any CPU.Build.0 = Release|Any CPU
		{F70FE676-E2B3-4914-8D27-2FC65647469D}.Debug|Any CPU.ActiveCfg = Debug|Any CPU
		{F70FE676-E2B3-4914-8D27-2FC65647469D}.Debug|Any CPU.Build.0 = Debug|Any CPU
		{F70FE676-E2B3-4914-8D27-2FC65647469D}.Release|Any CPU.ActiveCfg = Release|Any CPU
		{F70FE676-E2B3-4914-8D27-2FC65647469D}.Release|Any CPU.Build.0 = Release|Any CPU
	EndGlobalSection
	GlobalSection(SolutionProperties) = preSolution
		HideSolutionNode = FALSE
	EndGlobalSection
	GlobalSection(ExtensibilityGlobals) = postSolution
		SolutionGuid = {81A388A7-F90C-4C3C-BFFC-6B08C792DB7D}
	EndGlobalSection
EndGlobal
